# THIS IS AN AUTOGENERATED FILE. DO NOT EDIT THIS FILE DIRECTLY.
# yarn lockfile v1


"@actions/core@^1.2.3":
  version "1.2.3"
  resolved "https://registry.yarnpkg.com/@actions/core/-/core-1.2.3.tgz#e844b4fa0820e206075445079130868f95bfca95"
  integrity sha512-Wp4xnyokakM45Uuj4WLUxdsa8fJjKVl1fDTsPbTEcTcuu0Nb26IPQbOtjmnfaCPGcaoPOOqId8H9NapZ8gii4w==

"@actions/exec@^1.0.3":
  version "1.0.3"
  resolved "https://registry.yarnpkg.com/@actions/exec/-/exec-1.0.3.tgz#b967f8700d6ff011dcc91243b58bafc1bb9ab95f"
  integrity sha512-TogJGnueOmM7ntCi0ASTUj4LapRRtDfj57Ja4IhPmg2fls28uVOPbAn8N+JifaOumN2UG3oEO/Ixek2A4NcYSA==
  dependencies:
    "@actions/io" "^1.0.1"

"@actions/io@^1.0.1":
  version "1.0.2"
  resolved "https://registry.yarnpkg.com/@actions/io/-/io-1.0.2.tgz#2f614b6e69ce14d191180451eb38e6576a6e6b27"
  integrity sha512-J8KuFqVPr3p6U8W93DOXlXW6zFvrQAJANdS+vw0YhusLIq+bszW8zmK2Fh1C2kDPX8FMvwIl1OUcFgvJoXLbAg==

"@types/node@^12.12.31":
  version "12.12.31"
  resolved "https://registry.yarnpkg.com/@types/node/-/node-12.12.31.tgz#d6b4f9645fee17f11319b508fb1001797425da51"
  integrity sha512-T+wnJno8uh27G9c+1T+a1/WYCHzLeDqtsGJkoEdSp2X8RTh3oOCZQcUnjAx90CS8cmmADX51O0FI/tu9s0yssg==

actions-exec-wrapper@^0.0.5:
  version "0.0.5"
  resolved "https://registry.yarnpkg.com/actions-exec-wrapper/-/actions-exec-wrapper-0.0.5.tgz#1bd39a12cf93c57c0f0d312bdba852023ab75856"
  integrity sha512-1x8/jEJdRDqcMMgzMqUFeyYlhVCoqvaGxdED/fHq7CE8ardxhq7BmUmx04WIULijGHy9Jq4/iCa4R06+9d6z5g==
  dependencies:
    "@actions/exec" "^1.0.3"

typescript@^3.8.3:
  version "3.8.3"
  resolved "https://registry.yarnpkg.com/typescript/-/typescript-3.8.3.tgz#409eb8544ea0335711205869ec458ab109ee1061"
  integrity sha512-MYlEfn5VrLNsgudQTVJeNaQFUAI7DkhnOjdpAp4T+ku1TfQClewlbSuTVHiA+8skNBgaf02TL/kLOvig4y3G8w==
